
Microsoft Visual Studio Solution File, Format Version 11.00
# Visual Studio 2010
Project("{FAE04EC0-301F-11D3-BF4B-00C04F79EFBC}") = "Assembly-CSharp", "Assembly-CSharp.csproj", "{370846BE-17A4-3898-BD8B-1FB854B6C823}"
EndProject
Project("{FAE04EC0-301F-11D3-BF4B-00C04F79EFBC}") = "Assembly-CSharp-firstpass", "Assembly-CSharp-firstpass.csproj", "{87F0B8C6-E897-48BA-F489-536E210317D5}"
EndProject
Project("{FAE04EC0-301F-11D3-BF4B-00C04F79EFBC}") = "Assembly-CSharp-Editor-firstpass", "Assembly-CSharp-Editor-firstpass.csproj", "{ADBBE399-FA03-E18C-0FB3-1F9D3C73D53E}"
EndProject
Global
	GlobalSection(SolutionConfigurationPlatforms) = preSolution
		Debug|Any CPU = Debug|Any CPU
		Release|Any CPU = Release|Any CPU
	EndGlobalSection
	GlobalSection(ProjectConfigurationPlatforms) = postSolution
		{370846BE-17A4-3898-BD8B-1FB854B6C823}.Debug|Any CPU.ActiveCfg = Debug|Any CPU
		{370846BE-17A4-3898-BD8B-1FB854B6C823}.Debug|Any CPU.Build.0 = Debug|Any CPU
		{370846BE-17A4-3898-BD8B-1FB854B6C823}.Release|Any CPU.ActiveCfg = Release|Any CPU
		{370846BE-17A4-3898-BD8B-1FB854B6C823}.Release|Any CPU.Build.0 = Release|Any CPU
		{87F0B8C6-E897-48BA-F489-536E210317D5}.Debug|Any CPU.ActiveCfg = Debug|Any CPU
		{87F0B8C6-E897-48BA-F489-536E210317D5}.Debug|Any CPU.Build.0 = Debug|Any CPU
		{87F0B8C6-E897-48BA-F489-536E210317D5}.Release|Any CPU.ActiveCfg = Release|Any CPU
		{87F0B8C6-E897-48BA-F489-536E210317D5}.Release|Any CPU.Build.0 = Release|Any CPU
		{ADBBE399-FA03-E18C-0FB3-1F9D3C73D53E}.Debug|Any CPU.ActiveCfg = Debug|Any CPU
		{ADBBE399-FA03-E18C-0FB3-1F9D3C73D53E}.Debug|Any CPU.Build.0 = Debug|Any CPU
		{ADBBE399-FA03-E18C-0FB3-1F9D3C73D53E}.Release|Any CPU.ActiveCfg = Release|Any CPU
		{ADBBE399-FA03-E18C-0FB3-1F9D3C73D53E}.Release|Any CPU.Build.0 = Release|Any CPU
	EndGlobalSection
	GlobalSection(SolutionProperties) = preSolution
		HideSolutionNode = FALSE
	EndGlobalSection
	GlobalSection(MonoDevelopProperties) = preSolution
		StartupItem = Assembly-CSharp.csproj
	EndGlobalSection
EndGlobal
